
Microsoft Visual Studio Solution File, Format Version 12.00
# Visual Studio Version 16
VisualStudioVersion = 16.0.31702.278
MinimumVisualStudioVersion = 10.0.40219.1
Project("{9A19103F-16F7-4668-BE54-9A1E7A4F7556}") = "E-Commerce", "E-Commerce.csproj", "{60B52A32-443C-4646-AEB1-81AAEBDA6C2F}"
EndProject
Project("{9A19103F-16F7-4668-BE54-9A1E7A4F7556}") = "eShop.CoreBusiness", "..\eShop.CoreBusiness\eShop.CoreBusiness.csproj", "{45F825C1-F654-4112-9D6B-6930ED27B20D}"
EndProject
Project("{9A19103F-16F7-4668-BE54-9A1E7A4F7556}") = "eShop.UseCases", "..\eShop.UseCases\eShop.UseCases.csproj", "{B5324E52-C86C-4124-B27F-054538B99B9E}"
EndProject
Project("{FAE04EC0-301F-11D3-BF4B-00C04F79EFBC}") = "eShop.DataStore.HardCoded", "..\eShop.DataStore.HardCoded\eShop.DataStore.HardCoded.csproj", "{64642E4B-B155-4290-BAE0-27C1A13F3C22}"
EndProject
Global
	GlobalSection(SolutionConfigurationPlatforms) = preSolution
		Debug|Any CPU = Debug|Any CPU
		Release|Any CPU = Release|Any CPU
	EndGlobalSection
	GlobalSection(ProjectConfigurationPlatforms) = postSolution
		{60B52A32-443C-4646-AEB1-81AAEBDA6C2F}.Debug|Any CPU.ActiveCfg = Debug|Any CPU
		{60B52A32-443C-4646-AEB1-81AAEBDA6C2F}.Debug|Any CPU.Build.0 = Debug|Any CPU
		{60B52A32-443C-4646-AEB1-81AAEBDA6C2F}.Release|Any CPU.ActiveCfg = Release|Any CPU
		{60B52A32-443C-4646-AEB1-81AAEBDA6C2F}.Release|Any CPU.Build.0 = Release|Any CPU
		{45F825C1-F654-4112-9D6B-6930ED27B20D}.Debug|Any CPU.ActiveCfg = Debug|Any CPU
		{45F825C1-F654-4112-9D6B-6930ED27B20D}.Debug|Any CPU.Build.0 = Debug|Any CPU
		{45F825C1-F654-4112-9D6B-6930ED27B20D}.Release|Any CPU.ActiveCfg = Release|Any CPU
		{45F825C1-F654-4112-9D6B-6930ED27B20D}.Release|Any CPU.Build.0 = Release|Any CPU
		{B5324E52-C86C-4124-B27F-054538B99B9E}.Debug|Any CPU.ActiveCfg = Debug|Any CPU
		{B5324E52-C86C-4124-B27F-054538B99B9E}.Debug|Any CPU.Build.0 = Debug|Any CPU
		{B5324E52-C86C-4124-B27F-054538B99B9E}.Release|Any CPU.ActiveCfg = Release|Any CPU
		{B5324E52-C86C-4124-B27F-054538B99B9E}.Release|Any CPU.Build.0 = Release|Any CPU
		{64642E4B-B155-4290-BAE0-27C1A13F3C22}.Debug|Any CPU.ActiveCfg = Debug|Any CPU
		{64642E4B-B155-4290-BAE0-27C1A13F3C22}.Debug|Any CPU.Build.0 = Debug|Any CPU
		{64642E4B-B155-4290-BAE0-27C1A13F3C22}.Release|Any CPU.ActiveCfg = Release|Any CPU
		{64642E4B-B155-4290-BAE0-27C1A13F3C22}.Release|Any CPU.Build.0 = Release|Any CPU
	EndGlobalSection
	GlobalSection(SolutionProperties) = preSolution
		HideSolutionNode = FALSE
	EndGlobalSection
	GlobalSection(ExtensibilityGlobals) = postSolution
		SolutionGuid = {6D4EF947-2BE6-46F4-840A-22DF988EF0B8}
	EndGlobalSection
EndGlobal
